// !$*UTF8*$!
{
	archiveVersion = 1;
	classes = {
	};
	objectVersion = 50;
	objects = {

/* Begin PBXBuildFile section */
		232F6425268EE09300A413A7 /* AppDelegate.swift in Sources */ = {isa = PBXBuildFile; fileRef = 232F6424268EE09300A413A7 /* AppDelegate.swift */; };
		232F6427268EE09300A413A7 /* SceneDelegate.swift in Sources */ = {isa = PBXBuildFile; fileRef = 232F6426268EE09300A413A7 /* SceneDelegate.swift */; };
		232F642C268EE09300A413A7 /* Main.storyboard in Resources */ = {isa = PBXBuildFile; fileRef = 232F642A268EE09300A413A7 /* Main.storyboard */; };
		232F642E268EE09600A413A7 /* Assets.xcassets in Resources */ = {isa = PBXBuildFile; fileRef = 232F642D268EE09600A413A7 /* Assets.xcassets */; };
		232F6431268EE09600A413A7 /* LaunchScreen.storyboard in Resources */ = {isa = PBXBuildFile; fileRef = 232F642F268EE09600A413A7 /* LaunchScreen.storyboard */; };
		232F643F268EE14600A413A7 /* ImageSearchViewController.swift in Sources */ = {isa = PBXBuildFile; fileRef = 232F643E268EE14600A413A7 /* ImageSearchViewController.swift */; };
		232F6443268EE33600A413A7 /* Image.swift in Sources */ = {isa = PBXBuildFile; fileRef = 232F6442268EE33600A413A7 /* Image.swift */; };
		232F6446268EE5B400A413A7 /* Webservice.swift in Sources */ = {isa = PBXBuildFile; fileRef = 232F6445268EE5B400A413A7 /* Webservice.swift */; };
		232F6449268EEF5400A413A7 /* ImageViewModel.swift in Sources */ = {isa = PBXBuildFile; fileRef = 232F6448268EEF5400A413A7 /* ImageViewModel.swift */; };
		232F6455268F02E000A413A7 /* CollectionCell.swift in Sources */ = {isa = PBXBuildFile; fileRef = 232F6454268F02E000A413A7 /* CollectionCell.swift */; };
		232F645F268F273900A413A7 /* CollectionCell.xib in Resources */ = {isa = PBXBuildFile; fileRef = 232F645E268F273900A413A7 /* CollectionCell.xib */; };
		232F6462268F3FCC00A413A7 /* FullScreenViewController.swift in Sources */ = {isa = PBXBuildFile; fileRef = 232F6461268F3FCC00A413A7 /* FullScreenViewController.swift */; };
		232F646D268F90B100A413A7 /* ScrollerView.swift in Sources */ = {isa = PBXBuildFile; fileRef = 232F646C268F90B100A413A7 /* ScrollerView.swift */; };
		232F6471268F90BC00A413A7 /* ScrollerView.xib in Resources */ = {isa = PBXBuildFile; fileRef = 232F6470268F90BC00A413A7 /* ScrollerView.xib */; };
/* End PBXBuildFile section */

/* Begin PBXFileReference section */
		232F6421268EE09300A413A7 /* ImageSearch.app */ = {isa = PBXFileReference; explicitFileType = wrapper.application; includeInIndex = 0; path = ImageSearch.app; sourceTree = BUILT_PRODUCTS_DIR; };
		232F6424268EE09300A413A7 /* AppDelegate.swift */ = {isa = PBXFileReference; lastKnownFileType = sourcecode.swift; path = AppDelegate.swift; sourceTree = "<group>"; };
		232F6426268EE09300A413A7 /* SceneDelegate.swift */ = {isa = PBXFileReference; lastKnownFileType = sourcecode.swift; path = SceneDelegate.swift; sourceTree = "<group>"; };
		232F642B268EE09300A413A7 /* Base */ = {isa = PBXFileReference; lastKnownFileType = file.storyboard; name = Base; path = Base.lproj/Main.storyboard; sourceTree = "<group>"; };
		232F642D268EE09600A413A7 /* Assets.xcassets */ = {isa = PBXFileReference; lastKnownFileType = folder.assetcatalog; path = Assets.xcassets; sourceTree = "<group>"; };
		232F6430268EE09600A413A7 /* Base */ = {isa = PBXFileReference; lastKnownFileType = file.storyboard; name = Base; path = Base.lproj/LaunchScreen.storyboard; sourceTree = "<group>"; };
		232F6432268EE09600A413A7 /* Info.plist */ = {isa = PBXFileReference; lastKnownFileType = text.plist.xml; path = Info.plist; sourceTree = "<group>"; };
		232F643E268EE14600A413A7 /* ImageSearchViewController.swift */ = {isa = PBXFileReference; lastKnownFileType = sourcecode.swift; path = ImageSearchViewController.swift; sourceTree = "<group>"; };
		232F6442268EE33600A413A7 /* Image.swift */ = {isa = PBXFileReference; lastKnownFileType = sourcecode.swift; path = Image.swift; sourceTree = "<group>"; };
		232F6445268EE5B400A413A7 /* Webservice.swift */ = {isa = PBXFileReference; lastKnownFileType = sourcecode.swift; path = Webservice.swift; sourceTree = "<group>"; };
		232F6448268EEF5400A413A7 /* ImageViewModel.swift */ = {isa = PBXFileReference; lastKnownFileType = sourcecode.swift; path = ImageViewModel.swift; sourceTree = "<group>"; };
		232F6454268F02E000A413A7 /* CollectionCell.swift */ = {isa = PBXFileReference; lastKnownFileType = sourcecode.swift; path = CollectionCell.swift; sourceTree = "<group>"; };
		232F645E268F273900A413A7 /* CollectionCell.xib */ = {isa = PBXFileReference; lastKnownFileType = file.xib; path = CollectionCell.xib; sourceTree = "<group>"; };
		232F6461268F3FCC00A413A7 /* FullScreenViewController.swift */ = {isa = PBXFileReference; lastKnownFileType = sourcecode.swift; path = FullScreenViewController.swift; sourceTree = "<group>"; };
		232F646C268F90B100A413A7 /* ScrollerView.swift */ = {isa = PBXFileReference; lastKnownFileType = sourcecode.swift; path = ScrollerView.swift; sourceTree = "<group>"; };
		232F6470268F90BC00A413A7 /* ScrollerView.xib */ = {isa = PBXFileReference; lastKnownFileType = file.xib; path = ScrollerView.xib; sourceTree = "<group>"; };
/* End PBXFileReference section */

/* Begin PBXFrameworksBuildPhase section */
		232F641E268EE09300A413A7 /* Frameworks */ = {
			isa = PBXFrameworksBuildPhase;
			buildActionMask = 2147483647;
			files = (
			);
			runOnlyForDeploymentPostprocessing = 0;
		};
/* End PBXFrameworksBuildPhase section */

/* Begin PBXGroup section */
		232F6418268EE09300A413A7 = {
			isa = PBXGroup;
			children = (
				232F6423268EE09300A413A7 /* ImageSearch */,
				232F6422268EE09300A413A7 /* Products */,
			);
			sourceTree = "<group>";
		};
		232F6422268EE09300A413A7 /* Products */ = {
			isa = PBXGroup;
			children = (
				232F6421268EE09300A413A7 /* ImageSearch.app */,
			);
			name = Products;
			sourceTree = "<group>";
		};
		232F6423268EE09300A413A7 /* ImageSearch */ = {
			isa = PBXGroup;
			children = (
				232F6453268F02AD00A413A7 /* Views */,
				232F643D268EE0E000A413A7 /* ViewModels */,
				232F643C268EE0D700A413A7 /* Models */,
				232F643B268EE0BB00A413A7 /* Services */,
				232F643A268EE0A900A413A7 /* ViewControllers */,
				232F6424268EE09300A413A7 /* AppDelegate.swift */,
				232F6426268EE09300A413A7 /* SceneDelegate.swift */,
				232F642A268EE09300A413A7 /* Main.storyboard */,
				232F642D268EE09600A413A7 /* Assets.xcassets */,
				232F642F268EE09600A413A7 /* LaunchScreen.storyboard */,
				232F6432268EE09600A413A7 /* Info.plist */,
			);
			path = ImageSearch;
			sourceTree = "<group>";
		};
		232F643A268EE0A900A413A7 /* ViewControllers */ = {
			isa = PBXGroup;
			children = (
				232F643E268EE14600A413A7 /* ImageSearchViewController.swift */,
				232F6461268F3FCC00A413A7 /* FullScreenViewController.swift */,
			);
			path = ViewControllers;
			sourceTree = "<group>";
		};
		232F643B268EE0BB00A413A7 /* Services */ = {
			isa = PBXGroup;
			children = (
				232F6445268EE5B400A413A7 /* Webservice.swift */,
			);
			path = Services;
			sourceTree = "<group>";
		};
		232F643C268EE0D700A413A7 /* Models */ = {
			isa = PBXGroup;
			children = (
				232F6442268EE33600A413A7 /* Image.swift */,
			);
			path = Models;
			sourceTree = "<group>";
		};
		232F643D268EE0E000A413A7 /* ViewModels */ = {
			isa = PBXGroup;
			children = (
				232F6448268EEF5400A413A7 /* ImageViewModel.swift */,
			);
			path = ViewModels;
			sourceTree = "<group>";
		};
		232F6453268F02AD00A413A7 /* Views */ = {
			isa = PBXGroup;
			children = (
				232F6454268F02E000A413A7 /* CollectionCell.swift */,
				232F645E268F273900A413A7 /* CollectionCell.xib */,
				232F646C268F90B100A413A7 /* ScrollerView.swift */,
				232F6470268F90BC00A413A7 /* ScrollerView.xib */,
			);
			path = Views;
			sourceTree = "<group>";
		};
/* End PBXGroup section */

/* Begin PBXNativeTarget section */
		232F6420268EE09300A413A7 /* ImageSearch */ = {
			isa = PBXNativeTarget;
			buildConfigurationList = 232F6435268EE09600A413A7 /* Build configuration list for PBXNativeTarget "ImageSearch" */;
			buildPhases = (
				232F641D268EE09300A413A7 /* Sources */,
				232F641E268EE09300A413A7 /* Frameworks */,
				232F641F268EE09300A413A7 /* Resources */,
			);
			buildRules = (
			);
			dependencies = (
			);
			name = ImageSearch;
			productName = ImageSearch;
			productReference = 232F6421268EE09300A413A7 /* ImageSearch.app */;
			productType = "com.apple.product-type.application";
		};
/* End PBXNativeTarget section */

/* Begin PBXProject section */
		232F6419268EE09300A413A7 /* Project object */ = {
			isa = PBXProject;
			attributes = {
				LastSwiftUpdateCheck = 1220;
				LastUpgradeCheck = 1220;
				TargetAttributes = {
					232F6420268EE09300A413A7 = {
						CreatedOnToolsVersion = 12.2;
					};
				};
			};
			buildConfigurationList = 232F641C268EE09300A413A7 /* Build configuration list for PBXProject "ImageSearch" */;
			compatibilityVersion = "Xcode 9.3";
			developmentRegion = en;
			hasScannedForEncodings = 0;
			knownRegions = (
				en,
				Base,
			);
			mainGroup = 232F6418268EE09300A413A7;
			productRefGroup = 232F6422268EE09300A413A7 /* Products */;
			projectDirPath = "";
			projectRoot = "";
			targets = (
				232F6420268EE09300A413A7 /* ImageSearch */,
			);
		};
/* End PBXProject section */

/* Begin PBXResourcesBuildPhase section */
		232F641F268EE09300A413A7 /* Resources */ = {
			isa = PBXResourcesBuildPhase;
			buildActionMask = 2147483647;
			files = (
				232F6431268EE09600A413A7 /* LaunchScreen.storyboard in Resources */,
				232F642E268EE09600A413A7 /* Assets.xcassets in Resources */,
				232F642C268EE09300A413A7 /* Main.storyboard in Resources */,
				232F645F268F273900A413A7 /* CollectionCell.xib in Resources */,
				232F6471268F90BC00A413A7 /* ScrollerView.xib in Resources */,
			);
			runOnlyForDeploymentPostprocessing = 0;
		};
/* End PBXResourcesBuildPhase section */

/* Begin PBXSourcesBuildPhase section */
		232F641D268EE09300A413A7 /* Sources */ = {
			isa = PBXSourcesBuildPhase;
			buildActionMask = 2147483647;
			files = (
				232F6449268EEF5400A413A7 /* ImageViewModel.swift in Sources */,
				232F6425268EE09300A413A7 /* AppDelegate.swift in Sources */,
				232F6455268F02E000A413A7 /* CollectionCell.swift in Sources */,
				232F6446268EE5B400A413A7 /* Webservice.swift in Sources */,
				232F6462268F3FCC00A413A7 /* FullScreenViewController.swift in Sources */,
				232F646D268F90B100A413A7 /* ScrollerView.swift in Sources */,
				232F643F268EE14600A413A7 /* ImageSearchViewController.swift in Sources */,
				232F6427268EE09300A413A7 /* SceneDelegate.swift in Sources */,
				232F6443268EE33600A413A7 /* Image.swift in Sources */,
			);
			runOnlyForDeploymentPostprocessing = 0;
		};
/* End PBXSourcesBuildPhase section */

/* Begin PBXVariantGroup section */
		232F642A268EE09300A413A7 /* Main.storyboard */ = {
			isa = PBXVariantGroup;
			children = (
				232F642B268EE09300A413A7 /* Base */,
			);
			name = Main.storyboard;
			sourceTree = "<group>";
		};
		232F642F268EE09600A413A7 /* LaunchScreen.storyboard */ = {
			isa = PBXVariantGroup;
			children = (
				232F6430268EE09600A413A7 /* Base */,
			);
			name = LaunchScreen.storyboard;
			sourceTree = "<group>";
		};
/* End PBXVariantGroup section */

/* Begin XCBuildConfiguration section */
		232F6433268EE09600A413A7 /* Debug */ = {
			isa = XCBuildConfiguration;
			buildSettings = {
				ALWAYS_SEARCH_USER_PATHS = NO;
				CLANG_ANALYZER_NONNULL = YES;
				CLANG_ANALYZER_NUMBER_OBJECT_CONVERSION = YES_AGGRESSIVE;
				CLANG_CXX_LANGUAGE_STANDARD = "gnu++14";
				CLANG_CXX_LIBRARY = "libc++";
				CLANG_ENABLE_MODULES = YES;
				CLANG_ENABLE_OBJC_ARC = YES;
				CLANG_ENABLE_OBJC_WEAK = YES;
				CLANG_WARN_BLOCK_CAPTURE_AUTORELEASING = YES;
				CLANG_WARN_BOOL_CONVERSION = YES;
				CLANG_WARN_COMMA = YES;
				CLANG_WARN_CONSTANT_CONVERSION = YES;
				CLANG_WARN_DEPRECATED_OBJC_IMPLEMENTATIONS = YES;
				CLANG_WARN_DIRECT_OBJC_ISA_USAGE = YES_ERROR;
				CLANG_WARN_DOCUMENTATION_COMMENTS = YES;
				CLANG_WARN_EMPTY_BODY = YES;
				CLANG_WARN_ENUM_CONVERSION = YES;
				CLANG_WARN_INFINITE_RECURSION = YES;
				CLANG_WARN_INT_CONVERSION = YES;
				CLANG_WARN_NON_LITERAL_NULL_CONVERSION = YES;
				CLANG_WARN_OBJC_IMPLICIT_RETAIN_SELF = YES;
				CLANG_WARN_OBJC_LITERAL_CONVERSION = YES;
				CLANG_WARN_OBJC_ROOT_CLASS = YES_ERROR;
				CLANG_WARN_QUOTED_INCLUDE_IN_FRAMEWORK_HEADER = YES;
				CLANG_WARN_RANGE_LOOP_ANALYSIS = YES;
				CLANG_WARN_STRICT_PROTOTYPES = YES;
				CLANG_WARN_SUSPICIOUS_MOVE = YES;
				CLANG_WARN_UNGUARDED_AVAILABILITY = YES_AGGRESSIVE;
				CLANG_WARN_UNREACHABLE_CODE = YES;
				CLANG_WARN__DUPLICATE_METHOD_MATCH = YES;
				COPY_PHASE_STRIP = NO;
				DEBUG_INFORMATION_FORMAT = dwarf;
				ENABLE_STRICT_OBJC_MSGSEND = YES;
				ENABLE_TESTABILITY = YES;
				GCC_C_LANGUAGE_STANDARD = gnu11;
				GCC_DYNAMIC_NO_PIC = NO;
				GCC_NO_COMMON_BLOCKS = YES;
				GCC_OPTIMIZATION_LEVEL = 0;
				GCC_PREPROCESSOR_DEFINITIONS = (
					"DEBUG=1",
					"$(inherited)",
				);
				GCC_WARN_64_TO_32_BIT_CONVERSION = YES;
				GCC_WARN_ABOUT_RETURN_TYPE = YES_ERROR;
				GCC_WARN_UNDECLARED_SELECTOR = YES;
				GCC_WARN_UNINITIALIZED_AUTOS = YES_AGGRESSIVE;
				GCC_WARN_UNUSED_FUNCTION = YES;
				GCC_WARN_UNUSED_VARIABLE = YES;
				IPHONEOS_DEPLOYMENT_TARGET = 14.2;
				MTL_ENABLE_DEBUG_INFO = INCLUDE_SOURCE;
				MTL_FAST_MATH = YES;
				ONLY_ACTIVE_ARCH = YES;
				SDKROOT = iphoneos;
				SWIFT_ACTIVE_COMPILATION_CONDITIONS = DEBUG;
				SWIFT_OPTIMIZATION_LEVEL = "-Onone";
			};
			name = Debug;
		};
		232F6434268EE09600A413A7 /* Release */ = {
			isa = XCBuildConfiguration;
			buildSettings = {
				ALWAYS_SEARCH_USER_PATHS = NO;
				CLANG_ANALYZER_NONNULL = YES;
				CLANG_ANALYZER_NUMBER_OBJECT_CONVERSION = YES_AGGRESSIVE;
				CLANG_CXX_LANGUAGE_STANDARD = "gnu++14";
				CLANG_CXX_LIBRARY = "libc++";
				CLANG_ENABLE_MODULES = YES;
				CLANG_ENABLE_OBJC_ARC = YES;
				CLANG_ENABLE_OBJC_WEAK = YES;
				CLANG_WARN_BLOCK_CAPTURE_AUTORELEASING = YES;
				CLANG_WARN_BOOL_CONVERSION = YES;
				CLANG_WARN_COMMA = YES;
				CLANG_WARN_CONSTANT_CONVERSION = YES;
				CLANG_WARN_DEPRECATED_OBJC_IMPLEMENTATIONS = YES;
				CLANG_WARN_DIRECT_OBJC_ISA_USAGE = YES_ERROR;
				CLANG_WARN_DOCUMENTATION_COMMENTS = YES;
				CLANG_WARN_EMPTY_BODY = YES;
				CLANG_WARN_ENUM_CONVERSION = YES;
				CLANG_WARN_INFINITE_RECURSION = YES;
				CLANG_WARN_INT_CONVERSION = YES;
				CLANG_WARN_NON_LITERAL_NULL_CONVERSION = YES;
				CLANG_WARN_OBJC_IMPLICIT_RETAIN_SELF = YES;
				CLANG_WARN_OBJC_LITERAL_CONVERSION = YES;
				CLANG_WARN_OBJC_ROOT_CLASS = YES_ERROR;
				CLANG_WARN_QUOTED_INCLUDE_IN_FRAMEWORK_HEADER = YES;
				CLANG_WARN_RANGE_LOOP_ANALYSIS = YES;
				CLANG_WARN_STRICT_PROTOTYPES = YES;
				CLANG_WARN_SUSPICIOUS_MOVE = YES;
				CLANG_WARN_UNGUARDED_AVAILABILITY = YES_AGGRESSIVE;
				CLANG_WARN_UNREACHABLE_CODE = YES;
				CLANG_WARN__DUPLICATE_METHOD_MATCH = YES;
				COPY_PHASE_STRIP = NO;
				DEBUG_INFORMATION_FORMAT = "dwarf-with-dsym";
				ENABLE_NS_ASSERTIONS = NO;
				ENABLE_STRICT_OBJC_MSGSEND = YES;
				GCC_C_LANGUAGE_STANDARD = gnu11;
				GCC_NO_COMMON_BLOCKS = YES;
				GCC_WARN_64_TO_32_BIT_CONVERSION = YES;
				GCC_WARN_ABOUT_RETURN_TYPE = YES_ERROR;
				GCC_WARN_UNDECLARED_SELECTOR = YES;
				GCC_WARN_UNINITIALIZED_AUTOS = YES_AGGRESSIVE;
				GCC_WARN_UNUSED_FUNCTION = YES;
				GCC_WARN_UNUSED_VARIABLE = YES;
				IPHONEOS_DEPLOYMENT_TARGET = 14.2;
				MTL_ENABLE_DEBUG_INFO = NO;
				MTL_FAST_MATH = YES;
				SDKROOT = iphoneos;
				SWIFT_COMPILATION_MODE = wholemodule;
				SWIFT_OPTIMIZATION_LEVEL = "-O";
				VALIDATE_PRODUCT = YES;
			};
			name = Release;
		};
		232F6436268EE09600A413A7 /* Debug */ = {
			isa = XCBuildConfiguration;
			buildSettings = {
				ASSETCATALOG_COMPILER_APPICON_NAME = AppIcon;
				ASSETCATALOG_COMPILER_GLOBAL_ACCENT_COLOR_NAME = AccentColor;
				CODE_SIGN_STYLE = Automatic;
				INFOPLIST_FILE = ImageSearch/Info.plist;
				LD_RUNPATH_SEARCH_PATHS = (
					"$(inherited)",
					"@executable_path/Frameworks",
				);
				PRODUCT_BUNDLE_IDENTIFIER = com.roiKedarya.ImageSearch;
				PRODUCT_NAME = "$(TARGET_NAME)";
				SWIFT_VERSION = 5.0;
				TARGETED_DEVICE_FAMILY = 1;
			};
			name = Debug;
		};
		232F6437268EE09600A413A7 /* Release */ = {
			isa = XCBuildConfiguration;
			buildSettings = {
				ASSETCATALOG_COMPILER_APPICON_NAME = AppIcon;
				ASSETCATALOG_COMPILER_GLOBAL_ACCENT_COLOR_NAME = AccentColor;
				CODE_SIGN_STYLE = Automatic;
				INFOPLIST_FILE = ImageSearch/Info.plist;
				LD_RUNPATH_SEARCH_PATHS = (
					"$(inherited)",
					"@executable_path/Frameworks",
				);
				PRODUCT_BUNDLE_IDENTIFIER = com.roiKedarya.ImageSearch;
				PRODUCT_NAME = "$(TARGET_NAME)";
				SWIFT_VERSION = 5.0;
				TARGETED_DEVICE_FAMILY = 1;
			};
			name = Release;
		};
/* End XCBuildConfiguration section */

/* Begin XCConfigurationList section */
		232F641C268EE09300A413A7 /* Build configuration list for PBXProject "ImageSearch" */ = {
			isa = XCConfigurationList;
			buildConfigurations = (
				232F6433268EE09600A413A7 /* Debug */,
				232F6434268EE09600A413A7 /* Release */,
			);
			defaultConfigurationIsVisible = 0;
			defaultConfigurationName = Release;
		};
		232F6435268EE09600A413A7 /* Build configuration list for PBXNativeTarget "ImageSearch" */ = {
			isa = XCConfigurationList;
			buildConfigurations = (
				232F6436268EE09600A413A7 /* Debug */,
				232F6437268EE09600A413A7 /* Release */,
			);
			defaultConfigurationIsVisible = 0;
			defaultConfigurationName = Release;
		};
/* End XCConfigurationList section */
	};
	rootObject = 232F6419268EE09300A413A7 /* Project object */;
}
